
Microsoft Visual Studio Solution File, Format Version 12.00
# Visual Studio Version 16
VisualStudioVersion = 16.6.30114.105
MinimumVisualStudioVersion = 10.0.40219.1
Project("{FAE04EC0-301F-11D3-BF4B-00C04F79EFBC}") = "Core", "Core\Core.csproj", "{EFAE71A6-0D06-4AE5-A537-46C266C1DABE}"
EndProject
Project("{FAE04EC0-301F-11D3-BF4B-00C04F79EFBC}") = "Core.Tests", "Core.Tests\Core.Tests.csproj", "{E63188BB-B88A-4C79-82A3-14CFC781B28B}"
EndProject
Project("{FAE04EC0-301F-11D3-BF4B-00C04F79EFBC}") = "Core.E2ETests", "Core.E2ETests\Core.E2ETests.csproj", "{69086898-7681-433C-86C5-DF1395E905D1}"
EndProject
Project("{FAE04EC0-301F-11D3-BF4B-00C04F79EFBC}") = "Desktop", "Desktop\Desktop.csproj", "{C454DB9C-0D95-4B1A-BCF7-F263A1A827FD}"
EndProject
Project("{FAE04EC0-301F-11D3-BF4B-00C04F79EFBC}") = "Desktop.Tests", "Desktop.Tests\Desktop.Tests.csproj", "{87E7912A-53E5-46BC-BE98-2B5E0AE2FCD1}"
EndProject
Project("{FAE04EC0-301F-11D3-BF4B-00C04F79EFBC}") = "Persistance", "Persistance\Persistance.csproj", "{865D4A6D-7D50-4630-9660-842A3F2D13BD}"
EndProject
Global
	GlobalSection(SolutionConfigurationPlatforms) = preSolution
		Debug|Any CPU = Debug|Any CPU
		Debug|x64 = Debug|x64
		Debug|x86 = Debug|x86
		Release|Any CPU = Release|Any CPU
		Release|x64 = Release|x64
		Release|x86 = Release|x86
	EndGlobalSection
	GlobalSection(SolutionProperties) = preSolution
		HideSolutionNode = FALSE
	EndGlobalSection
	GlobalSection(ProjectConfigurationPlatforms) = postSolution
		{EFAE71A6-0D06-4AE5-A537-46C266C1DABE}.Debug|Any CPU.ActiveCfg = Debug|Any CPU
		{EFAE71A6-0D06-4AE5-A537-46C266C1DABE}.Debug|Any CPU.Build.0 = Debug|Any CPU
		{EFAE71A6-0D06-4AE5-A537-46C266C1DABE}.Debug|x64.ActiveCfg = Debug|Any CPU
		{EFAE71A6-0D06-4AE5-A537-46C266C1DABE}.Debug|x64.Build.0 = Debug|Any CPU
		{EFAE71A6-0D06-4AE5-A537-46C266C1DABE}.Debug|x86.ActiveCfg = Debug|Any CPU
		{EFAE71A6-0D06-4AE5-A537-46C266C1DABE}.Debug|x86.Build.0 = Debug|Any CPU
		{EFAE71A6-0D06-4AE5-A537-46C266C1DABE}.Release|Any CPU.ActiveCfg = Release|Any CPU
		{EFAE71A6-0D06-4AE5-A537-46C266C1DABE}.Release|Any CPU.Build.0 = Release|Any CPU
		{EFAE71A6-0D06-4AE5-A537-46C266C1DABE}.Release|x64.ActiveCfg = Release|Any CPU
		{EFAE71A6-0D06-4AE5-A537-46C266C1DABE}.Release|x64.Build.0 = Release|Any CPU
		{EFAE71A6-0D06-4AE5-A537-46C266C1DABE}.Release|x86.ActiveCfg = Release|Any CPU
		{EFAE71A6-0D06-4AE5-A537-46C266C1DABE}.Release|x86.Build.0 = Release|Any CPU
		{E63188BB-B88A-4C79-82A3-14CFC781B28B}.Debug|Any CPU.ActiveCfg = Debug|Any CPU
		{E63188BB-B88A-4C79-82A3-14CFC781B28B}.Debug|Any CPU.Build.0 = Debug|Any CPU
		{E63188BB-B88A-4C79-82A3-14CFC781B28B}.Debug|x64.ActiveCfg = Debug|Any CPU
		{E63188BB-B88A-4C79-82A3-14CFC781B28B}.Debug|x64.Build.0 = Debug|Any CPU
		{E63188BB-B88A-4C79-82A3-14CFC781B28B}.Debug|x86.ActiveCfg = Debug|Any CPU
		{E63188BB-B88A-4C79-82A3-14CFC781B28B}.Debug|x86.Build.0 = Debug|Any CPU
		{E63188BB-B88A-4C79-82A3-14CFC781B28B}.Release|Any CPU.ActiveCfg = Release|Any CPU
		{E63188BB-B88A-4C79-82A3-14CFC781B28B}.Release|Any CPU.Build.0 = Release|Any CPU
		{E63188BB-B88A-4C79-82A3-14CFC781B28B}.Release|x64.ActiveCfg = Release|Any CPU
		{E63188BB-B88A-4C79-82A3-14CFC781B28B}.Release|x64.Build.0 = Release|Any CPU
		{E63188BB-B88A-4C79-82A3-14CFC781B28B}.Release|x86.ActiveCfg = Release|Any CPU
		{E63188BB-B88A-4C79-82A3-14CFC781B28B}.Release|x86.Build.0 = Release|Any CPU
		{69086898-7681-433C-86C5-DF1395E905D1}.Debug|Any CPU.ActiveCfg = Debug|Any CPU
		{69086898-7681-433C-86C5-DF1395E905D1}.Debug|Any CPU.Build.0 = Debug|Any CPU
		{69086898-7681-433C-86C5-DF1395E905D1}.Debug|x64.ActiveCfg = Debug|Any CPU
		{69086898-7681-433C-86C5-DF1395E905D1}.Debug|x64.Build.0 = Debug|Any CPU
		{69086898-7681-433C-86C5-DF1395E905D1}.Debug|x86.ActiveCfg = Debug|Any CPU
		{69086898-7681-433C-86C5-DF1395E905D1}.Debug|x86.Build.0 = Debug|Any CPU
		{69086898-7681-433C-86C5-DF1395E905D1}.Release|Any CPU.ActiveCfg = Release|Any CPU
		{69086898-7681-433C-86C5-DF1395E905D1}.Release|Any CPU.Build.0 = Release|Any CPU
		{69086898-7681-433C-86C5-DF1395E905D1}.Release|x64.ActiveCfg = Release|Any CPU
		{69086898-7681-433C-86C5-DF1395E905D1}.Release|x64.Build.0 = Release|Any CPU
		{69086898-7681-433C-86C5-DF1395E905D1}.Release|x86.ActiveCfg = Release|Any CPU
		{69086898-7681-433C-86C5-DF1395E905D1}.Release|x86.Build.0 = Release|Any CPU
		{C454DB9C-0D95-4B1A-BCF7-F263A1A827FD}.Debug|Any CPU.ActiveCfg = Debug|Any CPU
		{C454DB9C-0D95-4B1A-BCF7-F263A1A827FD}.Debug|Any CPU.Build.0 = Debug|Any CPU
		{C454DB9C-0D95-4B1A-BCF7-F263A1A827FD}.Debug|x64.ActiveCfg = Debug|Any CPU
		{C454DB9C-0D95-4B1A-BCF7-F263A1A827FD}.Debug|x64.Build.0 = Debug|Any CPU
		{C454DB9C-0D95-4B1A-BCF7-F263A1A827FD}.Debug|x86.ActiveCfg = Debug|Any CPU
		{C454DB9C-0D95-4B1A-BCF7-F263A1A827FD}.Debug|x86.Build.0 = Debug|Any CPU
		{C454DB9C-0D95-4B1A-BCF7-F263A1A827FD}.Release|Any CPU.ActiveCfg = Release|Any CPU
		{C454DB9C-0D95-4B1A-BCF7-F263A1A827FD}.Release|Any CPU.Build.0 = Release|Any CPU
		{C454DB9C-0D95-4B1A-BCF7-F263A1A827FD}.Release|x64.ActiveCfg = Release|Any CPU
		{C454DB9C-0D95-4B1A-BCF7-F263A1A827FD}.Release|x64.Build.0 = Release|Any CPU
		{C454DB9C-0D95-4B1A-BCF7-F263A1A827FD}.Release|x86.ActiveCfg = Release|Any CPU
		{C454DB9C-0D95-4B1A-BCF7-F263A1A827FD}.Release|x86.Build.0 = Release|Any CPU
		{87E7912A-53E5-46BC-BE98-2B5E0AE2FCD1}.Debug|Any CPU.ActiveCfg = Debug|Any CPU
		{87E7912A-53E5-46BC-BE98-2B5E0AE2FCD1}.Debug|Any CPU.Build.0 = Debug|Any CPU
		{87E7912A-53E5-46BC-BE98-2B5E0AE2FCD1}.Debug|x64.ActiveCfg = Debug|Any CPU
		{87E7912A-53E5-46BC-BE98-2B5E0AE2FCD1}.Debug|x64.Build.0 = Debug|Any CPU
		{87E7912A-53E5-46BC-BE98-2B5E0AE2FCD1}.Debug|x86.ActiveCfg = Debug|Any CPU
		{87E7912A-53E5-46BC-BE98-2B5E0AE2FCD1}.Debug|x86.Build.0 = Debug|Any CPU
		{87E7912A-53E5-46BC-BE98-2B5E0AE2FCD1}.Release|Any CPU.ActiveCfg = Release|Any CPU
		{87E7912A-53E5-46BC-BE98-2B5E0AE2FCD1}.Release|Any CPU.Build.0 = Release|Any CPU
		{87E7912A-53E5-46BC-BE98-2B5E0AE2FCD1}.Release|x64.ActiveCfg = Release|Any CPU
		{87E7912A-53E5-46BC-BE98-2B5E0AE2FCD1}.Release|x64.Build.0 = Release|Any CPU
		{87E7912A-53E5-46BC-BE98-2B5E0AE2FCD1}.Release|x86.ActiveCfg = Release|Any CPU
		{87E7912A-53E5-46BC-BE98-2B5E0AE2FCD1}.Release|x86.Build.0 = Release|Any CPU
		{865D4A6D-7D50-4630-9660-842A3F2D13BD}.Debug|Any CPU.ActiveCfg = Debug|Any CPU
		{865D4A6D-7D50-4630-9660-842A3F2D13BD}.Debug|Any CPU.Build.0 = Debug|Any CPU
		{865D4A6D-7D50-4630-9660-842A3F2D13BD}.Debug|x64.ActiveCfg = Debug|Any CPU
		{865D4A6D-7D50-4630-9660-842A3F2D13BD}.Debug|x64.Build.0 = Debug|Any CPU
		{865D4A6D-7D50-4630-9660-842A3F2D13BD}.Debug|x86.ActiveCfg = Debug|Any CPU
		{865D4A6D-7D50-4630-9660-842A3F2D13BD}.Debug|x86.Build.0 = Debug|Any CPU
		{865D4A6D-7D50-4630-9660-842A3F2D13BD}.Release|Any CPU.ActiveCfg = Release|Any CPU
		{865D4A6D-7D50-4630-9660-842A3F2D13BD}.Release|Any CPU.Build.0 = Release|Any CPU
		{865D4A6D-7D50-4630-9660-842A3F2D13BD}.Release|x64.ActiveCfg = Release|Any CPU
		{865D4A6D-7D50-4630-9660-842A3F2D13BD}.Release|x64.Build.0 = Release|Any CPU
		{865D4A6D-7D50-4630-9660-842A3F2D13BD}.Release|x86.ActiveCfg = Release|Any CPU
		{865D4A6D-7D50-4630-9660-842A3F2D13BD}.Release|x86.Build.0 = Release|Any CPU
	EndGlobalSection
EndGlobal
